
Microsoft Visual Studio Solution File, Format Version 12.00
# Visual Studio 2017
Project("{FAE04EC0-301F-11D3-BF4B-00C04F79EFBC}") = "AR_Core1", "AR_Core1.csproj", "{593CED19-C2DF-89E3-A390-9B416A09F16D}"
EndProject
Global
	GlobalSection(SolutionConfigurationPlatforms) = preSolution
		Debug|Any CPU = Debug|Any CPU
		Release|Any CPU = Release|Any CPU
	EndGlobalSection
	GlobalSection(ProjectConfigurationPlatforms) = postSolution
		{593CED19-C2DF-89E3-A390-9B416A09F16D}.Debug|Any CPU.ActiveCfg = Debug|Any CPU
		{593CED19-C2DF-89E3-A390-9B416A09F16D}.Debug|Any CPU.Build.0 = Debug|Any CPU
		{593CED19-C2DF-89E3-A390-9B416A09F16D}.Release|Any CPU.ActiveCfg = Release|Any CPU
		{593CED19-C2DF-89E3-A390-9B416A09F16D}.Release|Any CPU.Build.0 = Release|Any CPU
	EndGlobalSection
	GlobalSection(SolutionProperties) = preSolution
		HideSolutionNode = FALSE
	EndGlobalSection
EndGlobal
